# This file is autogenerated, do not edit; changes may be undone by the next 'dep ensure'.


[[projects]]
  digest = "1:56e2f05a1327a34c5f8d12b8cd1982d9d18fad74328774f5b319f0a13b14a67f"
  name = "github.com/launchbadge/hedera-sdk-go"
  packages = ["."]
  pruneopts = "UT"
  revision = "611814074e31eaff7491878ca6add184cf0d12f7"
  version = "v0.3.5"

[[projects]]
  digest = "1:be27523c7f38387942ceb80e8e0db3025cfb9532c82e582571c1e423a1fbdd42"
  name = "github.com/markbates/oncer"
  packages = ["."]
  pruneopts = "UT"
  revision = "74cf68f7e72ed26f7a701d975dbcee92cd324cbb"
  version = "v1.0.0"

[[projects]]
  branch = "master"
  digest = "1:f734c43ec01de1063c0e281153c85c1a1897614aca08bd68477b7eaa8569a7fa"
  name = "github.com/mattn/go-pointer"
  packages = ["."]
  pruneopts = "UT"
  revision = "49522c3f37914a12a6813caf41f4a9e84d39ca0a"

[solve-meta]
  analyzer-name = "dep"
  analyzer-version = 1
  input-imports = ["github.com/launchbadge/hedera-sdk-go"]
  solver-name = "gps-cdcl"
  solver-version = 1
